
Microsoft Visual Studio Solution File, Format Version 12.00
# Visual Studio Version 16
VisualStudioVersion = 16.0.30114.105
MinimumVisualStudioVersion = 10.0.40219.1
Project("{FAE04EC0-301F-11D3-BF4B-00C04F79EFBC}") = "WIC.BlazorApp.Server", "WIC.BlazorApp\Server\WIC.BlazorApp.Server.csproj", "{0846BCF3-06E7-4991-93A9-F9913362128A}"
EndProject
Project("{FAE04EC0-301F-11D3-BF4B-00C04F79EFBC}") = "WIC.BlazorApp.Client", "WIC.BlazorApp\Client\WIC.BlazorApp.Client.csproj", "{F4961092-06F5-42C2-9E11-2AD638F59E0D}"
EndProject
Project("{FAE04EC0-301F-11D3-BF4B-00C04F79EFBC}") = "WIC.BlazorApp.Shared", "WIC.BlazorApp\Shared\WIC.BlazorApp.Shared.csproj", "{A886CF29-EB60-471F-91D4-F95A0F41EDD6}"
EndProject
Global
	GlobalSection(SolutionConfigurationPlatforms) = preSolution
		Debug|Any CPU = Debug|Any CPU
		Release|Any CPU = Release|Any CPU
	EndGlobalSection
	GlobalSection(ProjectConfigurationPlatforms) = postSolution
		{0846BCF3-06E7-4991-93A9-F9913362128A}.Debug|Any CPU.ActiveCfg = Debug|Any CPU
		{0846BCF3-06E7-4991-93A9-F9913362128A}.Debug|Any CPU.Build.0 = Debug|Any CPU
		{0846BCF3-06E7-4991-93A9-F9913362128A}.Release|Any CPU.ActiveCfg = Release|Any CPU
		{0846BCF3-06E7-4991-93A9-F9913362128A}.Release|Any CPU.Build.0 = Release|Any CPU
		{F4961092-06F5-42C2-9E11-2AD638F59E0D}.Debug|Any CPU.ActiveCfg = Debug|Any CPU
		{F4961092-06F5-42C2-9E11-2AD638F59E0D}.Debug|Any CPU.Build.0 = Debug|Any CPU
		{F4961092-06F5-42C2-9E11-2AD638F59E0D}.Release|Any CPU.ActiveCfg = Release|Any CPU
		{F4961092-06F5-42C2-9E11-2AD638F59E0D}.Release|Any CPU.Build.0 = Release|Any CPU
		{A886CF29-EB60-471F-91D4-F95A0F41EDD6}.Debug|Any CPU.ActiveCfg = Debug|Any CPU
		{A886CF29-EB60-471F-91D4-F95A0F41EDD6}.Debug|Any CPU.Build.0 = Debug|Any CPU
		{A886CF29-EB60-471F-91D4-F95A0F41EDD6}.Release|Any CPU.ActiveCfg = Release|Any CPU
		{A886CF29-EB60-471F-91D4-F95A0F41EDD6}.Release|Any CPU.Build.0 = Release|Any CPU
	EndGlobalSection
	GlobalSection(SolutionProperties) = preSolution
		HideSolutionNode = FALSE
	EndGlobalSection
	GlobalSection(ExtensibilityGlobals) = postSolution
		SolutionGuid = {6FE516AD-CB75-45A3-9D0A-FDE949551F67}
	EndGlobalSection
EndGlobal
